// !$*UTF8*$!
{
	archiveVersion = 1;
	classes = {
	};
	objectVersion = 56;
	objects = {

/* Begin PBXBuildFile section */
		326988F12AC8CD5B0088CC80 /* FloraMinder.xcdatamodeld in Sources */ = {isa = PBXBuildFile; fileRef = 3281CC3F2AA6742E0074F995 /* FloraMinder.xcdatamodeld */; };
		326F85642AB1200400DCD217 /* FloraMinderTests.swift in Sources */ = {isa = PBXBuildFile; fileRef = 326F85632AB1200400DCD217 /* FloraMinderTests.swift */; };
		3281CC352AA6742C0074F995 /* FloraMinderApp.swift in Sources */ = {isa = PBXBuildFile; fileRef = 3281CC342AA6742C0074F995 /* FloraMinderApp.swift */; };
		3281CC392AA6742E0074F995 /* Assets.xcassets in Resources */ = {isa = PBXBuildFile; fileRef = 3281CC382AA6742E0074F995 /* Assets.xcassets */; };
		3281CC3C2AA6742E0074F995 /* Preview Assets.xcassets in Resources */ = {isa = PBXBuildFile; fileRef = 3281CC3B2AA6742E0074F995 /* Preview Assets.xcassets */; };
		3281CC3E2AA6742E0074F995 /* Persistence.swift in Sources */ = {isa = PBXBuildFile; fileRef = 3281CC3D2AA6742E0074F995 /* Persistence.swift */; };
		3281CC412AA6742E0074F995 /* FloraMinder.xcdatamodeld in Sources */ = {isa = PBXBuildFile; fileRef = 3281CC3F2AA6742E0074F995 /* FloraMinder.xcdatamodeld */; };
		3281CC572AA674730074F995 /* DetailView.swift in Sources */ = {isa = PBXBuildFile; fileRef = 3281CC4A2AA674730074F995 /* DetailView.swift */; };
		3281CC582AA674730074F995 /* PlantCellView.swift in Sources */ = {isa = PBXBuildFile; fileRef = 3281CC4B2AA674730074F995 /* PlantCellView.swift */; };
		3281CC592AA674730074F995 /* ScheduleView.swift in Sources */ = {isa = PBXBuildFile; fileRef = 3281CC4C2AA674730074F995 /* ScheduleView.swift */; };
		3281CC5A2AA674730074F995 /* HomeView.swift in Sources */ = {isa = PBXBuildFile; fileRef = 3281CC4D2AA674730074F995 /* HomeView.swift */; };
		3281CC5B2AA674730074F995 /* DetailEditPlantView.swift in Sources */ = {isa = PBXBuildFile; fileRef = 3281CC4E2AA674730074F995 /* DetailEditPlantView.swift */; };
		3281CC5C2AA674730074F995 /* AddEditPlantView.swift in Sources */ = {isa = PBXBuildFile; fileRef = 3281CC4F2AA674730074F995 /* AddEditPlantView.swift */; };
		3281CC5D2AA674730074F995 /* SelectWaterIntervalView.swift in Sources */ = {isa = PBXBuildFile; fileRef = 3281CC502AA674730074F995 /* SelectWaterIntervalView.swift */; };
		3281CC5E2AA674730074F995 /* EditableCircularPlantImage.swift in Sources */ = {isa = PBXBuildFile; fileRef = 3281CC512AA674730074F995 /* EditableCircularPlantImage.swift */; };
		3281CC602AA674730074F995 /* Plant.swift in Sources */ = {isa = PBXBuildFile; fileRef = 3281CC542AA674730074F995 /* Plant.swift */; };
		3281CC962AA6CAE50074F995 /* AddEditPlantViewModel.swift in Sources */ = {isa = PBXBuildFile; fileRef = 3281CC952AA6CAE50074F995 /* AddEditPlantViewModel.swift */; };
		328F4A472ACE51CC008180B2 /* WaterReminderSmallView.swift in Sources */ = {isa = PBXBuildFile; fileRef = 328F4A462ACE51CC008180B2 /* WaterReminderSmallView.swift */; };
		328F4A492ACE55E8008180B2 /* WaterReminderMediumView.swift in Sources */ = {isa = PBXBuildFile; fileRef = 328F4A482ACE55E8008180B2 /* WaterReminderMediumView.swift */; };
		329F99E02AD60B2900E2E667 /* PlantService.swift in Sources */ = {isa = PBXBuildFile; fileRef = 329F99DF2AD60B2900E2E667 /* PlantService.swift */; };
		329F99E12AD60FBC00E2E667 /* ScheduleCellView.swift in Sources */ = {isa = PBXBuildFile; fileRef = 32F7C8DA2AC0AF1A00ADFAED /* ScheduleCellView.swift */; };
		329F99E52AE084D800E2E667 /* PlantParts.swift in Sources */ = {isa = PBXBuildFile; fileRef = 329F99E42AE084D800E2E667 /* PlantParts.swift */; };
		32B49EBB2AA7B33B0005319E /* HomeViewModel.swift in Sources */ = {isa = PBXBuildFile; fileRef = 32B49EBA2AA7B33B0005319E /* HomeViewModel.swift */; };
		32B49EC12AAA2E8D0005319E /* DetailViewModel.swift in Sources */ = {isa = PBXBuildFile; fileRef = 32B49EC02AAA2E8D0005319E /* DetailViewModel.swift */; };
		32B49EC32AAA8C670005319E /* AppDelegate.swift in Sources */ = {isa = PBXBuildFile; fileRef = 32B49EC22AAA8C670005319E /* AppDelegate.swift */; };
		32F7C8D72ABE348400ADFAED /* CalendarView.swift in Sources */ = {isa = PBXBuildFile; fileRef = 32F7C8D62ABE348400ADFAED /* CalendarView.swift */; };
		32F7C8D92ABFD13800ADFAED /* CalendarModel.swift in Sources */ = {isa = PBXBuildFile; fileRef = 32F7C8D82ABFD13800ADFAED /* CalendarModel.swift */; };
		32F7C8DB2AC0AF1A00ADFAED /* ScheduleCellView.swift in Sources */ = {isa = PBXBuildFile; fileRef = 32F7C8DA2AC0AF1A00ADFAED /* ScheduleCellView.swift */; };
		32F7C8DD2AC1FA8E00ADFAED /* SettingsView.swift in Sources */ = {isa = PBXBuildFile; fileRef = 32F7C8DC2AC1FA8D00ADFAED /* SettingsView.swift */; };
		32F7C8E32AC75AAC00ADFAED /* MailView.swift in Sources */ = {isa = PBXBuildFile; fileRef = 32F7C8E22AC75AAC00ADFAED /* MailView.swift */; };
		32F7C8E52AC75FF800ADFAED /* SettingsViewModel.swift in Sources */ = {isa = PBXBuildFile; fileRef = 32F7C8E42AC75FF800ADFAED /* SettingsViewModel.swift */; };
		32F7C8EE2AC87F9500ADFAED /* WidgetKit.framework in Frameworks */ = {isa = PBXBuildFile; fileRef = 32F7C8ED2AC87F9400ADFAED /* WidgetKit.framework */; };
		32F7C8F02AC87F9500ADFAED /* SwiftUI.framework in Frameworks */ = {isa = PBXBuildFile; fileRef = 32F7C8EF2AC87F9500ADFAED /* SwiftUI.framework */; };
		32F7C8F32AC87F9500ADFAED /* FloraMinderWidgetBundle.swift in Sources */ = {isa = PBXBuildFile; fileRef = 32F7C8F22AC87F9500ADFAED /* FloraMinderWidgetBundle.swift */; };
		32F7C8F72AC87F9500ADFAED /* WaterReminderWidget.swift in Sources */ = {isa = PBXBuildFile; fileRef = 32F7C8F62AC87F9500ADFAED /* WaterReminderWidget.swift */; };
		32F7C8FA2AC87F9700ADFAED /* Assets.xcassets in Resources */ = {isa = PBXBuildFile; fileRef = 32F7C8F92AC87F9700ADFAED /* Assets.xcassets */; };
		32F7C8FC2AC87F9700ADFAED /* FloraMinderWidget.intentdefinition in Sources */ = {isa = PBXBuildFile; fileRef = 32F7C8F82AC87F9500ADFAED /* FloraMinderWidget.intentdefinition */; };
		32F7C8FD2AC87F9700ADFAED /* FloraMinderWidget.intentdefinition in Sources */ = {isa = PBXBuildFile; fileRef = 32F7C8F82AC87F9500ADFAED /* FloraMinderWidget.intentdefinition */; };
		32F7C9002AC87F9700ADFAED /* FloraMinderWidgetExtension.appex in Embed Foundation Extensions */ = {isa = PBXBuildFile; fileRef = 32F7C8EB2AC87F9400ADFAED /* FloraMinderWidgetExtension.appex */; settings = {ATTRIBUTES = (RemoveHeadersOnCopy, ); }; };
		32F7C9092AC8977800ADFAED /* Plant.swift in Sources */ = {isa = PBXBuildFile; fileRef = 3281CC542AA674730074F995 /* Plant.swift */; };
		32F7C90A2AC8978E00ADFAED /* Persistence.swift in Sources */ = {isa = PBXBuildFile; fileRef = 3281CC3D2AA6742E0074F995 /* Persistence.swift */; };
		32F7C90B2AC897A800ADFAED /* CalendarModel.swift in Sources */ = {isa = PBXBuildFile; fileRef = 32F7C8D82ABFD13800ADFAED /* CalendarModel.swift */; };
/* End PBXBuildFile section */

/* Begin PBXContainerItemProxy section */
		326F85652AB1200400DCD217 /* PBXContainerItemProxy */ = {
			isa = PBXContainerItemProxy;
			containerPortal = 3281CC292AA6742C0074F995 /* Project object */;
			proxyType = 1;
			remoteGlobalIDString = 3281CC302AA6742C0074F995;
			remoteInfo = FloraMinder;
		};
		32F7C8FE2AC87F9700ADFAED /* PBXContainerItemProxy */ = {
			isa = PBXContainerItemProxy;
			containerPortal = 3281CC292AA6742C0074F995 /* Project object */;
			proxyType = 1;
			remoteGlobalIDString = 32F7C8EA2AC87F9400ADFAED;
			remoteInfo = FloraMinderWidgetExtension;
		};
/* End PBXContainerItemProxy section */

/* Begin PBXCopyFilesBuildPhase section */
		32F7C9012AC87F9700ADFAED /* Embed Foundation Extensions */ = {
			isa = PBXCopyFilesBuildPhase;
			buildActionMask = 2147483647;
			dstPath = "";
			dstSubfolderSpec = 13;
			files = (
				32F7C9002AC87F9700ADFAED /* FloraMinderWidgetExtension.appex in Embed Foundation Extensions */,
			);
			name = "Embed Foundation Extensions";
			runOnlyForDeploymentPostprocessing = 0;
		};
/* End PBXCopyFilesBuildPhase section */

/* Begin PBXFileReference section */
		326988EE2AC8BBAD0088CC80 /* FloraMinder.entitlements */ = {isa = PBXFileReference; lastKnownFileType = text.plist.entitlements; path = FloraMinder.entitlements; sourceTree = "<group>"; };
		326988EF2AC8BC0E0088CC80 /* FloraMinderWidgetExtension.entitlements */ = {isa = PBXFileReference; lastKnownFileType = text.plist.entitlements; path = FloraMinderWidgetExtension.entitlements; sourceTree = "<group>"; };
		326F85612AB1200400DCD217 /* FloraMinderTests.xctest */ = {isa = PBXFileReference; explicitFileType = wrapper.cfbundle; includeInIndex = 0; path = FloraMinderTests.xctest; sourceTree = BUILT_PRODUCTS_DIR; };
		326F85632AB1200400DCD217 /* FloraMinderTests.swift */ = {isa = PBXFileReference; lastKnownFileType = sourcecode.swift; path = FloraMinderTests.swift; sourceTree = "<group>"; };
		3281CC312AA6742C0074F995 /* FloraMinder.app */ = {isa = PBXFileReference; explicitFileType = wrapper.application; includeInIndex = 0; path = FloraMinder.app; sourceTree = BUILT_PRODUCTS_DIR; };
		3281CC342AA6742C0074F995 /* FloraMinderApp.swift */ = {isa = PBXFileReference; lastKnownFileType = sourcecode.swift; path = FloraMinderApp.swift; sourceTree = "<group>"; };
		3281CC382AA6742E0074F995 /* Assets.xcassets */ = {isa = PBXFileReference; lastKnownFileType = folder.assetcatalog; path = Assets.xcassets; sourceTree = "<group>"; };
		3281CC3B2AA6742E0074F995 /* Preview Assets.xcassets */ = {isa = PBXFileReference; lastKnownFileType = folder.assetcatalog; path = "Preview Assets.xcassets"; sourceTree = "<group>"; };
		3281CC3D2AA6742E0074F995 /* Persistence.swift */ = {isa = PBXFileReference; lastKnownFileType = sourcecode.swift; path = Persistence.swift; sourceTree = "<group>"; };
		3281CC402AA6742E0074F995 /* FloraMinder.xcdatamodel */ = {isa = PBXFileReference; lastKnownFileType = wrapper.xcdatamodel; path = FloraMinder.xcdatamodel; sourceTree = "<group>"; };
		3281CC422AA6742E0074F995 /* Info.plist */ = {isa = PBXFileReference; lastKnownFileType = text.plist.xml; path = Info.plist; sourceTree = "<group>"; };
		3281CC4A2AA674730074F995 /* DetailView.swift */ = {isa = PBXFileReference; fileEncoding = 4; lastKnownFileType = sourcecode.swift; path = DetailView.swift; sourceTree = "<group>"; };
		3281CC4B2AA674730074F995 /* PlantCellView.swift */ = {isa = PBXFileReference; fileEncoding = 4; lastKnownFileType = sourcecode.swift; path = PlantCellView.swift; sourceTree = "<group>"; };
		3281CC4C2AA674730074F995 /* ScheduleView.swift */ = {isa = PBXFileReference; fileEncoding = 4; lastKnownFileType = sourcecode.swift; path = ScheduleView.swift; sourceTree = "<group>"; };
		3281CC4D2AA674730074F995 /* HomeView.swift */ = {isa = PBXFileReference; fileEncoding = 4; lastKnownFileType = sourcecode.swift; path = HomeView.swift; sourceTree = "<group>"; };
		3281CC4E2AA674730074F995 /* DetailEditPlantView.swift */ = {isa = PBXFileReference; fileEncoding = 4; lastKnownFileType = sourcecode.swift; path = DetailEditPlantView.swift; sourceTree = "<group>"; };
		3281CC4F2AA674730074F995 /* AddEditPlantView.swift */ = {isa = PBXFileReference; fileEncoding = 4; lastKnownFileType = sourcecode.swift; path = AddEditPlantView.swift; sourceTree = "<group>"; };
		3281CC502AA674730074F995 /* SelectWaterIntervalView.swift */ = {isa = PBXFileReference; fileEncoding = 4; lastKnownFileType = sourcecode.swift; path = SelectWaterIntervalView.swift; sourceTree = "<group>"; };
		3281CC512AA674730074F995 /* EditableCircularPlantImage.swift */ = {isa = PBXFileReference; fileEncoding = 4; lastKnownFileType = sourcecode.swift; path = EditableCircularPlantImage.swift; sourceTree = "<group>"; };
		3281CC542AA674730074F995 /* Plant.swift */ = {isa = PBXFileReference; fileEncoding = 4; lastKnownFileType = sourcecode.swift; path = Plant.swift; sourceTree = "<group>"; };
		3281CC952AA6CAE50074F995 /* AddEditPlantViewModel.swift */ = {isa = PBXFileReference; lastKnownFileType = sourcecode.swift; path = AddEditPlantViewModel.swift; sourceTree = "<group>"; };
		328F4A462ACE51CC008180B2 /* WaterReminderSmallView.swift */ = {isa = PBXFileReference; lastKnownFileType = sourcecode.swift; path = WaterReminderSmallView.swift; sourceTree = "<group>"; };
		328F4A482ACE55E8008180B2 /* WaterReminderMediumView.swift */ = {isa = PBXFileReference; lastKnownFileType = sourcecode.swift; path = WaterReminderMediumView.swift; sourceTree = "<group>"; };
		329F99DF2AD60B2900E2E667 /* PlantService.swift */ = {isa = PBXFileReference; lastKnownFileType = sourcecode.swift; path = PlantService.swift; sourceTree = "<group>"; };
		329F99E42AE084D800E2E667 /* PlantParts.swift */ = {isa = PBXFileReference; lastKnownFileType = sourcecode.swift; path = PlantParts.swift; sourceTree = "<group>"; };
		32B49EBA2AA7B33B0005319E /* HomeViewModel.swift */ = {isa = PBXFileReference; lastKnownFileType = sourcecode.swift; path = HomeViewModel.swift; sourceTree = "<group>"; };
		32B49EC02AAA2E8D0005319E /* DetailViewModel.swift */ = {isa = PBXFileReference; lastKnownFileType = sourcecode.swift; path = DetailViewModel.swift; sourceTree = "<group>"; };
		32B49EC22AAA8C670005319E /* AppDelegate.swift */ = {isa = PBXFileReference; lastKnownFileType = sourcecode.swift; path = AppDelegate.swift; sourceTree = "<group>"; };
		32F7C8D62ABE348400ADFAED /* CalendarView.swift */ = {isa = PBXFileReference; lastKnownFileType = sourcecode.swift; path = CalendarView.swift; sourceTree = "<group>"; };
		32F7C8D82ABFD13800ADFAED /* CalendarModel.swift */ = {isa = PBXFileReference; lastKnownFileType = sourcecode.swift; path = CalendarModel.swift; sourceTree = "<group>"; };
		32F7C8DA2AC0AF1A00ADFAED /* ScheduleCellView.swift */ = {isa = PBXFileReference; lastKnownFileType = sourcecode.swift; path = ScheduleCellView.swift; sourceTree = "<group>"; };
		32F7C8DC2AC1FA8D00ADFAED /* SettingsView.swift */ = {isa = PBXFileReference; lastKnownFileType = sourcecode.swift; path = SettingsView.swift; sourceTree = "<group>"; };
		32F7C8E22AC75AAC00ADFAED /* MailView.swift */ = {isa = PBXFileReference; lastKnownFileType = sourcecode.swift; path = MailView.swift; sourceTree = "<group>"; };
		32F7C8E42AC75FF800ADFAED /* SettingsViewModel.swift */ = {isa = PBXFileReference; lastKnownFileType = sourcecode.swift; path = SettingsViewModel.swift; sourceTree = "<group>"; };
		32F7C8EB2AC87F9400ADFAED /* FloraMinderWidgetExtension.appex */ = {isa = PBXFileReference; explicitFileType = "wrapper.app-extension"; includeInIndex = 0; path = FloraMinderWidgetExtension.appex; sourceTree = BUILT_PRODUCTS_DIR; };
		32F7C8ED2AC87F9400ADFAED /* WidgetKit.framework */ = {isa = PBXFileReference; lastKnownFileType = wrapper.framework; name = WidgetKit.framework; path = System/Library/Frameworks/WidgetKit.framework; sourceTree = SDKROOT; };
		32F7C8EF2AC87F9500ADFAED /* SwiftUI.framework */ = {isa = PBXFileReference; lastKnownFileType = wrapper.framework; name = SwiftUI.framework; path = System/Library/Frameworks/SwiftUI.framework; sourceTree = SDKROOT; };
		32F7C8F22AC87F9500ADFAED /* FloraMinderWidgetBundle.swift */ = {isa = PBXFileReference; lastKnownFileType = sourcecode.swift; path = FloraMinderWidgetBundle.swift; sourceTree = "<group>"; };
		32F7C8F62AC87F9500ADFAED /* WaterReminderWidget.swift */ = {isa = PBXFileReference; lastKnownFileType = sourcecode.swift; path = WaterReminderWidget.swift; sourceTree = "<group>"; };
		32F7C8F82AC87F9500ADFAED /* FloraMinderWidget.intentdefinition */ = {isa = PBXFileReference; lastKnownFileType = file.intentdefinition; path = FloraMinderWidget.intentdefinition; sourceTree = "<group>"; };
		32F7C8F92AC87F9700ADFAED /* Assets.xcassets */ = {isa = PBXFileReference; lastKnownFileType = folder.assetcatalog; path = Assets.xcassets; sourceTree = "<group>"; };
		32F7C8FB2AC87F9700ADFAED /* Info.plist */ = {isa = PBXFileReference; lastKnownFileType = text.plist.xml; path = Info.plist; sourceTree = "<group>"; };
/* End PBXFileReference section */

/* Begin PBXFrameworksBuildPhase section */
		326F855E2AB1200400DCD217 /* Frameworks */ = {
			isa = PBXFrameworksBuildPhase;
			buildActionMask = 2147483647;
			files = (
			);
			runOnlyForDeploymentPostprocessing = 0;
		};
		3281CC2E2AA6742C0074F995 /* Frameworks */ = {
			isa = PBXFrameworksBuildPhase;
			buildActionMask = 2147483647;
			files = (
			);
			runOnlyForDeploymentPostprocessing = 0;
		};
		32F7C8E82AC87F9400ADFAED /* Frameworks */ = {
			isa = PBXFrameworksBuildPhase;
			buildActionMask = 2147483647;
			files = (
				32F7C8F02AC87F9500ADFAED /* SwiftUI.framework in Frameworks */,
				32F7C8EE2AC87F9500ADFAED /* WidgetKit.framework in Frameworks */,
			);
			runOnlyForDeploymentPostprocessing = 0;
		};
/* End PBXFrameworksBuildPhase section */

/* Begin PBXGroup section */
		326F85622AB1200400DCD217 /* FloraMinderTests */ = {
			isa = PBXGroup;
			children = (
				326F85632AB1200400DCD217 /* FloraMinderTests.swift */,
			);
			path = FloraMinderTests;
			sourceTree = "<group>";
		};
		3281CC282AA6742C0074F995 = {
			isa = PBXGroup;
			children = (
				326988EF2AC8BC0E0088CC80 /* FloraMinderWidgetExtension.entitlements */,
				3281CC332AA6742C0074F995 /* FloraMinder */,
				326F85622AB1200400DCD217 /* FloraMinderTests */,
				32F7C8F12AC87F9500ADFAED /* FloraMinderWidget */,
				32F7C8EC2AC87F9400ADFAED /* Frameworks */,
				3281CC322AA6742C0074F995 /* Products */,
			);
			sourceTree = "<group>";
		};
		3281CC322AA6742C0074F995 /* Products */ = {
			isa = PBXGroup;
			children = (
				3281CC312AA6742C0074F995 /* FloraMinder.app */,
				326F85612AB1200400DCD217 /* FloraMinderTests.xctest */,
				32F7C8EB2AC87F9400ADFAED /* FloraMinderWidgetExtension.appex */,
			);
			name = Products;
			sourceTree = "<group>";
		};
		3281CC332AA6742C0074F995 /* FloraMinder */ = {
			isa = PBXGroup;
			children = (
				326988EE2AC8BBAD0088CC80 /* FloraMinder.entitlements */,
				32F7C8E62AC76A5E00ADFAED /* ViewModel */,
				3281CC532AA674730074F995 /* Models */,
				3281CC492AA674730074F995 /* Views */,
				3281CC342AA6742C0074F995 /* FloraMinderApp.swift */,
				3281CC382AA6742E0074F995 /* Assets.xcassets */,
				3281CC3D2AA6742E0074F995 /* Persistence.swift */,
				3281CC422AA6742E0074F995 /* Info.plist */,
				3281CC3F2AA6742E0074F995 /* FloraMinder.xcdatamodeld */,
				3281CC3A2AA6742E0074F995 /* Preview Content */,
				32B49EC22AAA8C670005319E /* AppDelegate.swift */,
				329F99DF2AD60B2900E2E667 /* PlantService.swift */,
			);
			path = FloraMinder;
			sourceTree = "<group>";
		};
		3281CC3A2AA6742E0074F995 /* Preview Content */ = {
			isa = PBXGroup;
			children = (
				3281CC3B2AA6742E0074F995 /* Preview Assets.xcassets */,
				32F7C8E42AC75FF800ADFAED /* SettingsViewModel.swift */,
			);
			path = "Preview Content";
			sourceTree = "<group>";
		};
		3281CC492AA674730074F995 /* Views */ = {
			isa = PBXGroup;
			children = (
				3281CC4F2AA674730074F995 /* AddEditPlantView.swift */,
				32F7C8D62ABE348400ADFAED /* CalendarView.swift */,
				3281CC4E2AA674730074F995 /* DetailEditPlantView.swift */,
				3281CC4A2AA674730074F995 /* DetailView.swift */,
				3281CC512AA674730074F995 /* EditableCircularPlantImage.swift */,
				3281CC4D2AA674730074F995 /* HomeView.swift */,
				32F7C8E22AC75AAC00ADFAED /* MailView.swift */,
				3281CC4B2AA674730074F995 /* PlantCellView.swift */,
				32F7C8DA2AC0AF1A00ADFAED /* ScheduleCellView.swift */,
				3281CC4C2AA674730074F995 /* ScheduleView.swift */,
				3281CC502AA674730074F995 /* SelectWaterIntervalView.swift */,
				32F7C8DC2AC1FA8D00ADFAED /* SettingsView.swift */,
			);
			path = Views;
			sourceTree = "<group>";
		};
		3281CC532AA674730074F995 /* Models */ = {
			isa = PBXGroup;
			children = (
				3281CC542AA674730074F995 /* Plant.swift */,
				329F99E42AE084D800E2E667 /* PlantParts.swift */,
			);
			path = Models;
			sourceTree = "<group>";
		};
		328F4A452ACE51B6008180B2 /* WaterReminderWidget */ = {
			isa = PBXGroup;
			children = (
				32F7C8F62AC87F9500ADFAED /* WaterReminderWidget.swift */,
				328F4A462ACE51CC008180B2 /* WaterReminderSmallView.swift */,
				328F4A482ACE55E8008180B2 /* WaterReminderMediumView.swift */,
			);
			path = WaterReminderWidget;
			sourceTree = "<group>";
		};
		32F7C8E62AC76A5E00ADFAED /* ViewModel */ = {
			isa = PBXGroup;
			children = (
				3281CC952AA6CAE50074F995 /* AddEditPlantViewModel.swift */,
				32B49EBA2AA7B33B0005319E /* HomeViewModel.swift */,
				32B49EC02AAA2E8D0005319E /* DetailViewModel.swift */,
				32F7C8D82ABFD13800ADFAED /* CalendarModel.swift */,
			);
			path = ViewModel;
			sourceTree = "<group>";
		};
		32F7C8EC2AC87F9400ADFAED /* Frameworks */ = {
			isa = PBXGroup;
			children = (
				32F7C8ED2AC87F9400ADFAED /* WidgetKit.framework */,
				32F7C8EF2AC87F9500ADFAED /* SwiftUI.framework */,
			);
			name = Frameworks;
			sourceTree = "<group>";
		};
		32F7C8F12AC87F9500ADFAED /* FloraMinderWidget */ = {
			isa = PBXGroup;
			children = (
				32F7C8F22AC87F9500ADFAED /* FloraMinderWidgetBundle.swift */,
				328F4A452ACE51B6008180B2 /* WaterReminderWidget */,
				32F7C8F82AC87F9500ADFAED /* FloraMinderWidget.intentdefinition */,
				32F7C8F92AC87F9700ADFAED /* Assets.xcassets */,
				32F7C8FB2AC87F9700ADFAED /* Info.plist */,
			);
			path = FloraMinderWidget;
			sourceTree = "<group>";
		};
/* End PBXGroup section */

/* Begin PBXNativeTarget section */
		326F85602AB1200400DCD217 /* FloraMinderTests */ = {
			isa = PBXNativeTarget;
			buildConfigurationList = 326F85692AB1200400DCD217 /* Build configuration list for PBXNativeTarget "FloraMinderTests" */;
			buildPhases = (
				326F855D2AB1200400DCD217 /* Sources */,
				326F855E2AB1200400DCD217 /* Frameworks */,
				326F855F2AB1200400DCD217 /* Resources */,
			);
			buildRules = (
			);
			dependencies = (
				326F85662AB1200400DCD217 /* PBXTargetDependency */,
			);
			name = FloraMinderTests;
			productName = FloraMinderTests;
			productReference = 326F85612AB1200400DCD217 /* FloraMinderTests.xctest */;
			productType = "com.apple.product-type.bundle.unit-test";
		};
		3281CC302AA6742C0074F995 /* FloraMinder */ = {
			isa = PBXNativeTarget;
			buildConfigurationList = 3281CC452AA6742E0074F995 /* Build configuration list for PBXNativeTarget "FloraMinder" */;
			buildPhases = (
				3281CC2D2AA6742C0074F995 /* Sources */,
				3281CC2E2AA6742C0074F995 /* Frameworks */,
				3281CC2F2AA6742C0074F995 /* Resources */,
				32F7C9012AC87F9700ADFAED /* Embed Foundation Extensions */,
			);
			buildRules = (
			);
			dependencies = (
				32F7C8FF2AC87F9700ADFAED /* PBXTargetDependency */,
			);
			name = FloraMinder;
			productName = FloraMinder;
			productReference = 3281CC312AA6742C0074F995 /* FloraMinder.app */;
			productType = "com.apple.product-type.application";
		};
		32F7C8EA2AC87F9400ADFAED /* FloraMinderWidgetExtension */ = {
			isa = PBXNativeTarget;
			buildConfigurationList = 32F7C9042AC87F9700ADFAED /* Build configuration list for PBXNativeTarget "FloraMinderWidgetExtension" */;
			buildPhases = (
				32F7C8E72AC87F9400ADFAED /* Sources */,
				32F7C8E82AC87F9400ADFAED /* Frameworks */,
				32F7C8E92AC87F9400ADFAED /* Resources */,
			);
			buildRules = (
			);
			dependencies = (
			);
			name = FloraMinderWidgetExtension;
			productName = FloraMinderWidgetExtension;
			productReference = 32F7C8EB2AC87F9400ADFAED /* FloraMinderWidgetExtension.appex */;
			productType = "com.apple.product-type.app-extension";
		};
/* End PBXNativeTarget section */

/* Begin PBXProject section */
		3281CC292AA6742C0074F995 /* Project object */ = {
			isa = PBXProject;
			attributes = {
				BuildIndependentTargetsInParallel = 1;
				LastSwiftUpdateCheck = 1430;
				LastUpgradeCheck = 1430;
				TargetAttributes = {
					326F85602AB1200400DCD217 = {
						CreatedOnToolsVersion = 14.3.1;
						TestTargetID = 3281CC302AA6742C0074F995;
					};
					3281CC302AA6742C0074F995 = {
						CreatedOnToolsVersion = 14.3;
					};
					32F7C8EA2AC87F9400ADFAED = {
						CreatedOnToolsVersion = 14.3.1;
					};
				};
			};
			buildConfigurationList = 3281CC2C2AA6742C0074F995 /* Build configuration list for PBXProject "FloraMinder" */;
			compatibilityVersion = "Xcode 14.0";
			developmentRegion = en;
			hasScannedForEncodings = 0;
			knownRegions = (
				en,
				Base,
			);
			mainGroup = 3281CC282AA6742C0074F995;
			productRefGroup = 3281CC322AA6742C0074F995 /* Products */;
			projectDirPath = "";
			projectRoot = "";
			targets = (
				3281CC302AA6742C0074F995 /* FloraMinder */,
				326F85602AB1200400DCD217 /* FloraMinderTests */,
				32F7C8EA2AC87F9400ADFAED /* FloraMinderWidgetExtension */,
			);
		};
/* End PBXProject section */

/* Begin PBXResourcesBuildPhase section */
		326F855F2AB1200400DCD217 /* Resources */ = {
			isa = PBXResourcesBuildPhase;
			buildActionMask = 2147483647;
			files = (
			);
			runOnlyForDeploymentPostprocessing = 0;
		};
		3281CC2F2AA6742C0074F995 /* Resources */ = {
			isa = PBXResourcesBuildPhase;
			buildActionMask = 2147483647;
			files = (
				3281CC3C2AA6742E0074F995 /* Preview Assets.xcassets in Resources */,
				3281CC392AA6742E0074F995 /* Assets.xcassets in Resources */,
			);
			runOnlyForDeploymentPostprocessing = 0;
		};
		32F7C8E92AC87F9400ADFAED /* Resources */ = {
			isa = PBXResourcesBuildPhase;
			buildActionMask = 2147483647;
			files = (
				32F7C8FA2AC87F9700ADFAED /* Assets.xcassets in Resources */,
			);
			runOnlyForDeploymentPostprocessing = 0;
		};
/* End PBXResourcesBuildPhase section */

/* Begin PBXSourcesBuildPhase section */
		326F855D2AB1200400DCD217 /* Sources */ = {
			isa = PBXSourcesBuildPhase;
			buildActionMask = 2147483647;
			files = (
				326F85642AB1200400DCD217 /* FloraMinderTests.swift in Sources */,
			);
			runOnlyForDeploymentPostprocessing = 0;
		};
		3281CC2D2AA6742C0074F995 /* Sources */ = {
			isa = PBXSourcesBuildPhase;
			buildActionMask = 2147483647;
			files = (
				32B49EBB2AA7B33B0005319E /* HomeViewModel.swift in Sources */,
				32F7C8D92ABFD13800ADFAED /* CalendarModel.swift in Sources */,
				3281CC5A2AA674730074F995 /* HomeView.swift in Sources */,
				3281CC572AA674730074F995 /* DetailView.swift in Sources */,
				32F7C8D72ABE348400ADFAED /* CalendarView.swift in Sources */,
				32F7C8DD2AC1FA8E00ADFAED /* SettingsView.swift in Sources */,
				32F7C8DB2AC0AF1A00ADFAED /* ScheduleCellView.swift in Sources */,
				329F99E52AE084D800E2E667 /* PlantParts.swift in Sources */,
				3281CC5D2AA674730074F995 /* SelectWaterIntervalView.swift in Sources */,
				3281CC3E2AA6742E0074F995 /* Persistence.swift in Sources */,
				3281CC602AA674730074F995 /* Plant.swift in Sources */,
				3281CC352AA6742C0074F995 /* FloraMinderApp.swift in Sources */,
				3281CC5E2AA674730074F995 /* EditableCircularPlantImage.swift in Sources */,
				3281CC5C2AA674730074F995 /* AddEditPlantView.swift in Sources */,
				3281CC592AA674730074F995 /* ScheduleView.swift in Sources */,
				3281CC5B2AA674730074F995 /* DetailEditPlantView.swift in Sources */,
				3281CC412AA6742E0074F995 /* FloraMinder.xcdatamodeld in Sources */,
				32F7C8FD2AC87F9700ADFAED /* FloraMinderWidget.intentdefinition in Sources */,
				3281CC962AA6CAE50074F995 /* AddEditPlantViewModel.swift in Sources */,
				3281CC582AA674730074F995 /* PlantCellView.swift in Sources */,
				32B49EC32AAA8C670005319E /* AppDelegate.swift in Sources */,
				32F7C8E52AC75FF800ADFAED /* SettingsViewModel.swift in Sources */,
				329F99E02AD60B2900E2E667 /* PlantService.swift in Sources */,
				32F7C8E32AC75AAC00ADFAED /* MailView.swift in Sources */,
				32B49EC12AAA2E8D0005319E /* DetailViewModel.swift in Sources */,
			);
			runOnlyForDeploymentPostprocessing = 0;
		};
		32F7C8E72AC87F9400ADFAED /* Sources */ = {
			isa = PBXSourcesBuildPhase;
			buildActionMask = 2147483647;
			files = (
				32F7C8F72AC87F9500ADFAED /* WaterReminderWidget.swift in Sources */,
				32F7C90B2AC897A800ADFAED /* CalendarModel.swift in Sources */,
				32F7C9092AC8977800ADFAED /* Plant.swift in Sources */,
				326988F12AC8CD5B0088CC80 /* FloraMinder.xcdatamodeld in Sources */,
				328F4A472ACE51CC008180B2 /* WaterReminderSmallView.swift in Sources */,
				32F7C8FC2AC87F9700ADFAED /* FloraMinderWidget.intentdefinition in Sources */,
				328F4A492ACE55E8008180B2 /* WaterReminderMediumView.swift in Sources */,
				329F99E12AD60FBC00E2E667 /* ScheduleCellView.swift in Sources */,
				32F7C8F32AC87F9500ADFAED /* FloraMinderWidgetBundle.swift in Sources */,
				32F7C90A2AC8978E00ADFAED /* Persistence.swift in Sources */,
			);
			runOnlyForDeploymentPostprocessing = 0;
		};
/* End PBXSourcesBuildPhase section */

/* Begin PBXTargetDependency section */
		326F85662AB1200400DCD217 /* PBXTargetDependency */ = {
			isa = PBXTargetDependency;
			target = 3281CC302AA6742C0074F995 /* FloraMinder */;
			targetProxy = 326F85652AB1200400DCD217 /* PBXContainerItemProxy */;
		};
		32F7C8FF2AC87F9700ADFAED /* PBXTargetDependency */ = {
			isa = PBXTargetDependency;
			target = 32F7C8EA2AC87F9400ADFAED /* FloraMinderWidgetExtension */;
			targetProxy = 32F7C8FE2AC87F9700ADFAED /* PBXContainerItemProxy */;
		};
/* End PBXTargetDependency section */

/* Begin XCBuildConfiguration section */
		326F85672AB1200400DCD217 /* Debug */ = {
			isa = XCBuildConfiguration;
			buildSettings = {
				BUNDLE_LOADER = "$(TEST_HOST)";
				CODE_SIGN_STYLE = Automatic;
				CURRENT_PROJECT_VERSION = 1;
				DEVELOPMENT_TEAM = 8KHAQ7W8KV;
				GENERATE_INFOPLIST_FILE = YES;
				MARKETING_VERSION = 1.0;
				PRODUCT_BUNDLE_IDENTIFIER = com.example.FloraMinderTests;
				PRODUCT_NAME = "$(TARGET_NAME)";
				SWIFT_EMIT_LOC_STRINGS = NO;
				SWIFT_VERSION = 5.0;
				TARGETED_DEVICE_FAMILY = "1,2";
				TEST_HOST = "$(BUILT_PRODUCTS_DIR)/FloraMinder.app/$(BUNDLE_EXECUTABLE_FOLDER_PATH)/FloraMinder";
			};
			name = Debug;
		};
		326F85682AB1200400DCD217 /* Release */ = {
			isa = XCBuildConfiguration;
			buildSettings = {
				BUNDLE_LOADER = "$(TEST_HOST)";
				CODE_SIGN_STYLE = Automatic;
				CURRENT_PROJECT_VERSION = 1;
				DEVELOPMENT_TEAM = 8KHAQ7W8KV;
				GENERATE_INFOPLIST_FILE = YES;
				MARKETING_VERSION = 1.0;
				PRODUCT_BUNDLE_IDENTIFIER = com.example.FloraMinderTests;
				PRODUCT_NAME = "$(TARGET_NAME)";
				SWIFT_EMIT_LOC_STRINGS = NO;
				SWIFT_VERSION = 5.0;
				TARGETED_DEVICE_FAMILY = "1,2";
				TEST_HOST = "$(BUILT_PRODUCTS_DIR)/FloraMinder.app/$(BUNDLE_EXECUTABLE_FOLDER_PATH)/FloraMinder";
			};
			name = Release;
		};
		3281CC432AA6742E0074F995 /* Debug */ = {
			isa = XCBuildConfiguration;
			buildSettings = {
				ALWAYS_SEARCH_USER_PATHS = NO;
				CLANG_ANALYZER_NONNULL = YES;
				CLANG_ANALYZER_NUMBER_OBJECT_CONVERSION = YES_AGGRESSIVE;
				CLANG_CXX_LANGUAGE_STANDARD = "gnu++20";
				CLANG_ENABLE_MODULES = YES;
				CLANG_ENABLE_OBJC_ARC = YES;
				CLANG_ENABLE_OBJC_WEAK = YES;
				CLANG_WARN_BLOCK_CAPTURE_AUTORELEASING = YES;
				CLANG_WARN_BOOL_CONVERSION = YES;
				CLANG_WARN_COMMA = YES;
				CLANG_WARN_CONSTANT_CONVERSION = YES;
				CLANG_WARN_DEPRECATED_OBJC_IMPLEMENTATIONS = YES;
				CLANG_WARN_DIRECT_OBJC_ISA_USAGE = YES_ERROR;
				CLANG_WARN_DOCUMENTATION_COMMENTS = YES;
				CLANG_WARN_EMPTY_BODY = YES;
				CLANG_WARN_ENUM_CONVERSION = YES;
				CLANG_WARN_INFINITE_RECURSION = YES;
				CLANG_WARN_INT_CONVERSION = YES;
				CLANG_WARN_NON_LITERAL_NULL_CONVERSION = YES;
				CLANG_WARN_OBJC_IMPLICIT_RETAIN_SELF = YES;
				CLANG_WARN_OBJC_LITERAL_CONVERSION = YES;
				CLANG_WARN_OBJC_ROOT_CLASS = YES_ERROR;
				CLANG_WARN_QUOTED_INCLUDE_IN_FRAMEWORK_HEADER = YES;
				CLANG_WARN_RANGE_LOOP_ANALYSIS = YES;
				CLANG_WARN_STRICT_PROTOTYPES = YES;
				CLANG_WARN_SUSPICIOUS_MOVE = YES;
				CLANG_WARN_UNGUARDED_AVAILABILITY = YES_AGGRESSIVE;
				CLANG_WARN_UNREACHABLE_CODE = YES;
				CLANG_WARN__DUPLICATE_METHOD_MATCH = YES;
				COPY_PHASE_STRIP = NO;
				DEBUG_INFORMATION_FORMAT = dwarf;
				ENABLE_STRICT_OBJC_MSGSEND = YES;
				ENABLE_TESTABILITY = YES;
				GCC_C_LANGUAGE_STANDARD = gnu11;
				GCC_DYNAMIC_NO_PIC = NO;
				GCC_NO_COMMON_BLOCKS = YES;
				GCC_OPTIMIZATION_LEVEL = 0;
				GCC_PREPROCESSOR_DEFINITIONS = (
					"DEBUG=1",
					"$(inherited)",
				);
				GCC_WARN_64_TO_32_BIT_CONVERSION = YES;
				GCC_WARN_ABOUT_RETURN_TYPE = YES_ERROR;
				GCC_WARN_UNDECLARED_SELECTOR = YES;
				GCC_WARN_UNINITIALIZED_AUTOS = YES_AGGRESSIVE;
				GCC_WARN_UNUSED_FUNCTION = YES;
				GCC_WARN_UNUSED_VARIABLE = YES;
				IPHONEOS_DEPLOYMENT_TARGET = 16.4;
				MTL_ENABLE_DEBUG_INFO = INCLUDE_SOURCE;
				MTL_FAST_MATH = YES;
				ONLY_ACTIVE_ARCH = YES;
				SDKROOT = iphoneos;
				SWIFT_ACTIVE_COMPILATION_CONDITIONS = DEBUG;
				SWIFT_OPTIMIZATION_LEVEL = "-Onone";
			};
			name = Debug;
		};
		3281CC442AA6742E0074F995 /* Release */ = {
			isa = XCBuildConfiguration;
			buildSettings = {
				ALWAYS_SEARCH_USER_PATHS = NO;
				CLANG_ANALYZER_NONNULL = YES;
				CLANG_ANALYZER_NUMBER_OBJECT_CONVERSION = YES_AGGRESSIVE;
				CLANG_CXX_LANGUAGE_STANDARD = "gnu++20";
				CLANG_ENABLE_MODULES = YES;
				CLANG_ENABLE_OBJC_ARC = YES;
				CLANG_ENABLE_OBJC_WEAK = YES;
				CLANG_WARN_BLOCK_CAPTURE_AUTORELEASING = YES;
				CLANG_WARN_BOOL_CONVERSION = YES;
				CLANG_WARN_COMMA = YES;
				CLANG_WARN_CONSTANT_CONVERSION = YES;
				CLANG_WARN_DEPRECATED_OBJC_IMPLEMENTATIONS = YES;
				CLANG_WARN_DIRECT_OBJC_ISA_USAGE = YES_ERROR;
				CLANG_WARN_DOCUMENTATION_COMMENTS = YES;
				CLANG_WARN_EMPTY_BODY = YES;
				CLANG_WARN_ENUM_CONVERSION = YES;
				CLANG_WARN_INFINITE_RECURSION = YES;
				CLANG_WARN_INT_CONVERSION = YES;
				CLANG_WARN_NON_LITERAL_NULL_CONVERSION = YES;
				CLANG_WARN_OBJC_IMPLICIT_RETAIN_SELF = YES;
				CLANG_WARN_OBJC_LITERAL_CONVERSION = YES;
				CLANG_WARN_OBJC_ROOT_CLASS = YES_ERROR;
				CLANG_WARN_QUOTED_INCLUDE_IN_FRAMEWORK_HEADER = YES;
				CLANG_WARN_RANGE_LOOP_ANALYSIS = YES;
				CLANG_WARN_STRICT_PROTOTYPES = YES;
				CLANG_WARN_SUSPICIOUS_MOVE = YES;
				CLANG_WARN_UNGUARDED_AVAILABILITY = YES_AGGRESSIVE;
				CLANG_WARN_UNREACHABLE_CODE = YES;
				CLANG_WARN__DUPLICATE_METHOD_MATCH = YES;
				COPY_PHASE_STRIP = NO;
				DEBUG_INFORMATION_FORMAT = "dwarf-with-dsym";
				ENABLE_NS_ASSERTIONS = NO;
				ENABLE_STRICT_OBJC_MSGSEND = YES;
				GCC_C_LANGUAGE_STANDARD = gnu11;
				GCC_NO_COMMON_BLOCKS = YES;
				GCC_WARN_64_TO_32_BIT_CONVERSION = YES;
				GCC_WARN_ABOUT_RETURN_TYPE = YES_ERROR;
				GCC_WARN_UNDECLARED_SELECTOR = YES;
				GCC_WARN_UNINITIALIZED_AUTOS = YES_AGGRESSIVE;
				GCC_WARN_UNUSED_FUNCTION = YES;
				GCC_WARN_UNUSED_VARIABLE = YES;
				IPHONEOS_DEPLOYMENT_TARGET = 16.4;
				MTL_ENABLE_DEBUG_INFO = NO;
				MTL_FAST_MATH = YES;
				SDKROOT = iphoneos;
				SWIFT_COMPILATION_MODE = wholemodule;
				SWIFT_OPTIMIZATION_LEVEL = "-O";
				VALIDATE_PRODUCT = YES;
			};
			name = Release;
		};
		3281CC462AA6742E0074F995 /* Debug */ = {
			isa = XCBuildConfiguration;
			buildSettings = {
				ALWAYS_EMBED_SWIFT_STANDARD_LIBRARIES = YES;
				ASSETCATALOG_COMPILER_APPICON_NAME = AppIcon;
				ASSETCATALOG_COMPILER_GLOBAL_ACCENT_COLOR_NAME = AccentColor;
				CODE_SIGN_ENTITLEMENTS = FloraMinder/FloraMinder.entitlements;
				CODE_SIGN_STYLE = Automatic;
				CURRENT_PROJECT_VERSION = 1;
				DEVELOPMENT_ASSET_PATHS = "\"FloraMinder/Preview Content\"";
				DEVELOPMENT_TEAM = 8KHAQ7W8KV;
				ENABLE_PREVIEWS = YES;
				GENERATE_INFOPLIST_FILE = YES;
				INFOPLIST_KEY_UIApplicationSceneManifest_Generation = YES;
				INFOPLIST_KEY_UIApplicationSupportsIndirectInputEvents = YES;
				INFOPLIST_KEY_UILaunchScreen_Generation = YES;
				INFOPLIST_KEY_UISupportedInterfaceOrientations_iPad = "UIInterfaceOrientationPortrait UIInterfaceOrientationPortraitUpsideDown UIInterfaceOrientationLandscapeLeft UIInterfaceOrientationLandscapeRight";
				INFOPLIST_KEY_UISupportedInterfaceOrientations_iPhone = "UIInterfaceOrientationPortrait UIInterfaceOrientationLandscapeLeft UIInterfaceOrientationLandscapeRight";
				LD_RUNPATH_SEARCH_PATHS = (
					"$(inherited)",
					"@executable_path/Frameworks",
				);
				MARKETING_VERSION = 1.0;
				PRODUCT_BUNDLE_IDENTIFIER = com.example.FloraMinder;
				PRODUCT_NAME = "$(TARGET_NAME)";
				SWIFT_EMIT_LOC_STRINGS = YES;
				SWIFT_VERSION = 5.0;
				TARGETED_DEVICE_FAMILY = "1,2";
			};
			name = Debug;
		};
		3281CC472AA6742E0074F995 /* Release */ = {
			isa = XCBuildConfiguration;
			buildSettings = {
				ALWAYS_EMBED_SWIFT_STANDARD_LIBRARIES = YES;
				ASSETCATALOG_COMPILER_APPICON_NAME = AppIcon;
				ASSETCATALOG_COMPILER_GLOBAL_ACCENT_COLOR_NAME = AccentColor;
				CODE_SIGN_ENTITLEMENTS = FloraMinder/FloraMinder.entitlements;
				CODE_SIGN_STYLE = Automatic;
				CURRENT_PROJECT_VERSION = 1;
				DEVELOPMENT_ASSET_PATHS = "\"FloraMinder/Preview Content\"";
				DEVELOPMENT_TEAM = 8KHAQ7W8KV;
				ENABLE_PREVIEWS = YES;
				GENERATE_INFOPLIST_FILE = YES;
				INFOPLIST_KEY_UIApplicationSceneManifest_Generation = YES;
				INFOPLIST_KEY_UIApplicationSupportsIndirectInputEvents = YES;
				INFOPLIST_KEY_UILaunchScreen_Generation = YES;
				INFOPLIST_KEY_UISupportedInterfaceOrientations_iPad = "UIInterfaceOrientationPortrait UIInterfaceOrientationPortraitUpsideDown UIInterfaceOrientationLandscapeLeft UIInterfaceOrientationLandscapeRight";
				INFOPLIST_KEY_UISupportedInterfaceOrientations_iPhone = "UIInterfaceOrientationPortrait UIInterfaceOrientationLandscapeLeft UIInterfaceOrientationLandscapeRight";
				LD_RUNPATH_SEARCH_PATHS = (
					"$(inherited)",
					"@executable_path/Frameworks",
				);
				MARKETING_VERSION = 1.0;
				PRODUCT_BUNDLE_IDENTIFIER = com.example.FloraMinder;
				PRODUCT_NAME = "$(TARGET_NAME)";
				SWIFT_EMIT_LOC_STRINGS = YES;
				SWIFT_VERSION = 5.0;
				TARGETED_DEVICE_FAMILY = "1,2";
			};
			name = Release;
		};
		32F7C9022AC87F9700ADFAED /* Debug */ = {
			isa = XCBuildConfiguration;
			buildSettings = {
				ASSETCATALOG_COMPILER_GLOBAL_ACCENT_COLOR_NAME = AccentColor;
				ASSETCATALOG_COMPILER_WIDGET_BACKGROUND_COLOR_NAME = WidgetBackground;
				CODE_SIGN_ENTITLEMENTS = FloraMinderWidgetExtension.entitlements;
				CODE_SIGN_STYLE = Automatic;
				CURRENT_PROJECT_VERSION = 1;
				DEVELOPMENT_TEAM = 8KHAQ7W8KV;
				GENERATE_INFOPLIST_FILE = YES;
				INFOPLIST_FILE = FloraMinderWidget/Info.plist;
				INFOPLIST_KEY_CFBundleDisplayName = FloraMinderWidget;
				INFOPLIST_KEY_NSHumanReadableCopyright = "";
				LD_RUNPATH_SEARCH_PATHS = (
					"$(inherited)",
					"@executable_path/Frameworks",
					"@executable_path/../../Frameworks",
				);
				MARKETING_VERSION = 1.0;
				PRODUCT_BUNDLE_IDENTIFIER = com.example.FloraMinder.FloraMinderWidget;
				PRODUCT_NAME = "$(TARGET_NAME)";
				SKIP_INSTALL = YES;
				SWIFT_EMIT_LOC_STRINGS = YES;
				SWIFT_VERSION = 5.0;
				TARGETED_DEVICE_FAMILY = "1,2";
			};
			name = Debug;
		};
		32F7C9032AC87F9700ADFAED /* Release */ = {
			isa = XCBuildConfiguration;
			buildSettings = {
				ASSETCATALOG_COMPILER_GLOBAL_ACCENT_COLOR_NAME = AccentColor;
				ASSETCATALOG_COMPILER_WIDGET_BACKGROUND_COLOR_NAME = WidgetBackground;
				CODE_SIGN_ENTITLEMENTS = FloraMinderWidgetExtension.entitlements;
				CODE_SIGN_STYLE = Automatic;
				CURRENT_PROJECT_VERSION = 1;
				DEVELOPMENT_TEAM = 8KHAQ7W8KV;
				GENERATE_INFOPLIST_FILE = YES;
				INFOPLIST_FILE = FloraMinderWidget/Info.plist;
				INFOPLIST_KEY_CFBundleDisplayName = FloraMinderWidget;
				INFOPLIST_KEY_NSHumanReadableCopyright = "";
				LD_RUNPATH_SEARCH_PATHS = (
					"$(inherited)",
					"@executable_path/Frameworks",
					"@executable_path/../../Frameworks",
				);
				MARKETING_VERSION = 1.0;
				PRODUCT_BUNDLE_IDENTIFIER = com.example.FloraMinder.FloraMinderWidget;
				PRODUCT_NAME = "$(TARGET_NAME)";
				SKIP_INSTALL = YES;
				SWIFT_EMIT_LOC_STRINGS = YES;
				SWIFT_VERSION = 5.0;
				TARGETED_DEVICE_FAMILY = "1,2";
			};
			name = Release;
		};
/* End XCBuildConfiguration section */

/* Begin XCConfigurationList section */
		326F85692AB1200400DCD217 /* Build configuration list for PBXNativeTarget "FloraMinderTests" */ = {
			isa = XCConfigurationList;
			buildConfigurations = (
				326F85672AB1200400DCD217 /* Debug */,
				326F85682AB1200400DCD217 /* Release */,
			);
			defaultConfigurationIsVisible = 0;
			defaultConfigurationName = Release;
		};
		3281CC2C2AA6742C0074F995 /* Build configuration list for PBXProject "FloraMinder" */ = {
			isa = XCConfigurationList;
			buildConfigurations = (
				3281CC432AA6742E0074F995 /* Debug */,
				3281CC442AA6742E0074F995 /* Release */,
			);
			defaultConfigurationIsVisible = 0;
			defaultConfigurationName = Release;
		};
		3281CC452AA6742E0074F995 /* Build configuration list for PBXNativeTarget "FloraMinder" */ = {
			isa = XCConfigurationList;
			buildConfigurations = (
				3281CC462AA6742E0074F995 /* Debug */,
				3281CC472AA6742E0074F995 /* Release */,
			);
			defaultConfigurationIsVisible = 0;
			defaultConfigurationName = Release;
		};
		32F7C9042AC87F9700ADFAED /* Build configuration list for PBXNativeTarget "FloraMinderWidgetExtension" */ = {
			isa = XCConfigurationList;
			buildConfigurations = (
				32F7C9022AC87F9700ADFAED /* Debug */,
				32F7C9032AC87F9700ADFAED /* Release */,
			);
			defaultConfigurationIsVisible = 0;
			defaultConfigurationName = Release;
		};
/* End XCConfigurationList section */

/* Begin XCVersionGroup section */
		3281CC3F2AA6742E0074F995 /* FloraMinder.xcdatamodeld */ = {
			isa = XCVersionGroup;
			children = (
				3281CC402AA6742E0074F995 /* FloraMinder.xcdatamodel */,
			);
			currentVersion = 3281CC402AA6742E0074F995 /* FloraMinder.xcdatamodel */;
			path = FloraMinder.xcdatamodeld;
			sourceTree = "<group>";
			versionGroupType = wrapper.xcdatamodel;
		};
/* End XCVersionGroup section */
	};
	rootObject = 3281CC292AA6742C0074F995 /* Project object */;
}
